// !$*UTF8*$!
{
	archiveVersion = 1;
	classes = {
	};
	objectVersion = 55;
	objects = {

/* Begin PBXBuildFile section */
		4D11518F27FA8254000FF0B4 /* marvel-characters.json in Resources */ = {isa = PBXBuildFile; fileRef = 4D11518E27FA8254000FF0B4 /* marvel-characters.json */; };
		4D11519227FA8652000FF0B4 /* HeroesPresenterTests.swift in Sources */ = {isa = PBXBuildFile; fileRef = 4D11519127FA8652000FF0B4 /* HeroesPresenterTests.swift */; };
		4D11519327FA86F6000FF0B4 /* HeroesPresenter.swift in Sources */ = {isa = PBXBuildFile; fileRef = 4D44C16A27F6451500C15274 /* HeroesPresenter.swift */; };
		4D11519427FA87AD000FF0B4 /* Hero.swift in Sources */ = {isa = PBXBuildFile; fileRef = 4D44C16C27F6453100C15274 /* Hero.swift */; };
		4D44C11327F602B700C15274 /* AppDelegate.swift in Sources */ = {isa = PBXBuildFile; fileRef = 4D44C11227F602B700C15274 /* AppDelegate.swift */; };
		4D44C11527F602B700C15274 /* SceneDelegate.swift in Sources */ = {isa = PBXBuildFile; fileRef = 4D44C11427F602B700C15274 /* SceneDelegate.swift */; };
		4D44C11F27F602BC00C15274 /* Assets.xcassets in Resources */ = {isa = PBXBuildFile; fileRef = 4D44C11E27F602BC00C15274 /* Assets.xcassets */; };
		4D44C12227F602BC00C15274 /* LaunchScreen.storyboard in Resources */ = {isa = PBXBuildFile; fileRef = 4D44C12027F602BC00C15274 /* LaunchScreen.storyboard */; };
		4D44C12D27F602BD00C15274 /* MarvelHeroesAppTests.swift in Sources */ = {isa = PBXBuildFile; fileRef = 4D44C12C27F602BD00C15274 /* MarvelHeroesAppTests.swift */; };
		4D44C13727F602BD00C15274 /* MarvelHeroesAppUITests.swift in Sources */ = {isa = PBXBuildFile; fileRef = 4D44C13627F602BD00C15274 /* MarvelHeroesAppUITests.swift */; };
		4D44C13927F602BD00C15274 /* MarvelHeroesAppUITestsLaunchTests.swift in Sources */ = {isa = PBXBuildFile; fileRef = 4D44C13827F602BD00C15274 /* MarvelHeroesAppUITestsLaunchTests.swift */; };
		4D44C16727F6443A00C15274 /* HeroesViewController.swift in Sources */ = {isa = PBXBuildFile; fileRef = 4D44C16627F6443A00C15274 /* HeroesViewController.swift */; };
		4D44C16B27F6451500C15274 /* HeroesPresenter.swift in Sources */ = {isa = PBXBuildFile; fileRef = 4D44C16A27F6451500C15274 /* HeroesPresenter.swift */; };
		4D44C16D27F6453100C15274 /* Hero.swift in Sources */ = {isa = PBXBuildFile; fileRef = 4D44C16C27F6453100C15274 /* Hero.swift */; };
		4D44C17027F6485D00C15274 /* characters.json in Resources */ = {isa = PBXBuildFile; fileRef = 4D44C16F27F6485D00C15274 /* characters.json */; };
		4D44C17327F6487D00C15274 /* Extensions.swift in Sources */ = {isa = PBXBuildFile; fileRef = 4D44C17227F6487D00C15274 /* Extensions.swift */; };
		4D44C17427F6487D00C15274 /* Extensions.swift in Sources */ = {isa = PBXBuildFile; fileRef = 4D44C17227F6487D00C15274 /* Extensions.swift */; };
		4D79F64127FA95CE00E05567 /* HeroesTableViewCell.swift in Sources */ = {isa = PBXBuildFile; fileRef = 4D79F64027FA95CE00E05567 /* HeroesTableViewCell.swift */; };
		52C51227B167330E51A645F8 /* Pods_MarvelHeroesApp.framework in Frameworks */ = {isa = PBXBuildFile; fileRef = 14DE9607E81A73B29E006D66 /* Pods_MarvelHeroesApp.framework */; };
		97A40243104696114A967F6F /* Pods_MarvelHeroesApp_MarvelHeroesAppUITests.framework in Frameworks */ = {isa = PBXBuildFile; fileRef = 1CFBB52DA78A99297A88C27C /* Pods_MarvelHeroesApp_MarvelHeroesAppUITests.framework */; };
		E6C37B1455A58C21D5601A9F /* Pods_MarvelHeroesAppTests.framework in Frameworks */ = {isa = PBXBuildFile; fileRef = 7BCFF458B8BE3B74CD642394 /* Pods_MarvelHeroesAppTests.framework */; };
/* End PBXBuildFile section */

/* Begin PBXContainerItemProxy section */
		4D44C12927F602BD00C15274 /* PBXContainerItemProxy */ = {
			isa = PBXContainerItemProxy;
			containerPortal = 4D44C10727F602B700C15274 /* Project object */;
			proxyType = 1;
			remoteGlobalIDString = 4D44C10E27F602B700C15274;
			remoteInfo = MarvelHeroesApp;
		};
		4D44C13327F602BD00C15274 /* PBXContainerItemProxy */ = {
			isa = PBXContainerItemProxy;
			containerPortal = 4D44C10727F602B700C15274 /* Project object */;
			proxyType = 1;
			remoteGlobalIDString = 4D44C10E27F602B700C15274;
			remoteInfo = MarvelHeroesApp;
		};
/* End PBXContainerItemProxy section */

/* Begin PBXFileReference section */
		14DE9607E81A73B29E006D66 /* Pods_MarvelHeroesApp.framework */ = {isa = PBXFileReference; explicitFileType = wrapper.framework; includeInIndex = 0; path = Pods_MarvelHeroesApp.framework; sourceTree = BUILT_PRODUCTS_DIR; };
		1CFBB52DA78A99297A88C27C /* Pods_MarvelHeroesApp_MarvelHeroesAppUITests.framework */ = {isa = PBXFileReference; explicitFileType = wrapper.framework; includeInIndex = 0; path = Pods_MarvelHeroesApp_MarvelHeroesAppUITests.framework; sourceTree = BUILT_PRODUCTS_DIR; };
		4D11518E27FA8254000FF0B4 /* marvel-characters.json */ = {isa = PBXFileReference; fileEncoding = 4; lastKnownFileType = text.json; path = "marvel-characters.json"; sourceTree = "<group>"; };
		4D11519127FA8652000FF0B4 /* HeroesPresenterTests.swift */ = {isa = PBXFileReference; lastKnownFileType = sourcecode.swift; path = HeroesPresenterTests.swift; sourceTree = "<group>"; };
		4D44C10F27F602B700C15274 /* MarvelHeroesApp.app */ = {isa = PBXFileReference; explicitFileType = wrapper.application; includeInIndex = 0; path = MarvelHeroesApp.app; sourceTree = BUILT_PRODUCTS_DIR; };
		4D44C11227F602B700C15274 /* AppDelegate.swift */ = {isa = PBXFileReference; lastKnownFileType = sourcecode.swift; path = AppDelegate.swift; sourceTree = "<group>"; };
		4D44C11427F602B700C15274 /* SceneDelegate.swift */ = {isa = PBXFileReference; lastKnownFileType = sourcecode.swift; path = SceneDelegate.swift; sourceTree = "<group>"; };
		4D44C11E27F602BC00C15274 /* Assets.xcassets */ = {isa = PBXFileReference; lastKnownFileType = folder.assetcatalog; path = Assets.xcassets; sourceTree = "<group>"; };
		4D44C12127F602BC00C15274 /* Base */ = {isa = PBXFileReference; lastKnownFileType = file.storyboard; name = Base; path = Base.lproj/LaunchScreen.storyboard; sourceTree = "<group>"; };
		4D44C12327F602BC00C15274 /* Info.plist */ = {isa = PBXFileReference; lastKnownFileType = text.plist.xml; path = Info.plist; sourceTree = "<group>"; };
		4D44C12827F602BD00C15274 /* MarvelHeroesAppTests.xctest */ = {isa = PBXFileReference; explicitFileType = wrapper.cfbundle; includeInIndex = 0; path = MarvelHeroesAppTests.xctest; sourceTree = BUILT_PRODUCTS_DIR; };
		4D44C12C27F602BD00C15274 /* MarvelHeroesAppTests.swift */ = {isa = PBXFileReference; lastKnownFileType = sourcecode.swift; path = MarvelHeroesAppTests.swift; sourceTree = "<group>"; };
		4D44C13227F602BD00C15274 /* MarvelHeroesAppUITests.xctest */ = {isa = PBXFileReference; explicitFileType = wrapper.cfbundle; includeInIndex = 0; path = MarvelHeroesAppUITests.xctest; sourceTree = BUILT_PRODUCTS_DIR; };
		4D44C13627F602BD00C15274 /* MarvelHeroesAppUITests.swift */ = {isa = PBXFileReference; lastKnownFileType = sourcecode.swift; path = MarvelHeroesAppUITests.swift; sourceTree = "<group>"; };
		4D44C13827F602BD00C15274 /* MarvelHeroesAppUITestsLaunchTests.swift */ = {isa = PBXFileReference; lastKnownFileType = sourcecode.swift; path = MarvelHeroesAppUITestsLaunchTests.swift; sourceTree = "<group>"; };
		4D44C16627F6443A00C15274 /* HeroesViewController.swift */ = {isa = PBXFileReference; lastKnownFileType = sourcecode.swift; path = HeroesViewController.swift; sourceTree = "<group>"; };
		4D44C16A27F6451500C15274 /* HeroesPresenter.swift */ = {isa = PBXFileReference; lastKnownFileType = sourcecode.swift; path = HeroesPresenter.swift; sourceTree = "<group>"; };
		4D44C16C27F6453100C15274 /* Hero.swift */ = {isa = PBXFileReference; lastKnownFileType = sourcecode.swift; path = Hero.swift; sourceTree = "<group>"; };
		4D44C16F27F6485D00C15274 /* characters.json */ = {isa = PBXFileReference; lastKnownFileType = text.json; path = characters.json; sourceTree = "<group>"; };
		4D44C17227F6487D00C15274 /* Extensions.swift */ = {isa = PBXFileReference; lastKnownFileType = sourcecode.swift; path = Extensions.swift; sourceTree = "<group>"; };
		4D79F64027FA95CE00E05567 /* HeroesTableViewCell.swift */ = {isa = PBXFileReference; lastKnownFileType = sourcecode.swift; path = HeroesTableViewCell.swift; sourceTree = "<group>"; };
		7BCFF458B8BE3B74CD642394 /* Pods_MarvelHeroesAppTests.framework */ = {isa = PBXFileReference; explicitFileType = wrapper.framework; includeInIndex = 0; path = Pods_MarvelHeroesAppTests.framework; sourceTree = BUILT_PRODUCTS_DIR; };
		859937D9359FF6CD37250166 /* Pods-MarvelHeroesApp-MarvelHeroesAppUITests.release.xcconfig */ = {isa = PBXFileReference; includeInIndex = 1; lastKnownFileType = text.xcconfig; name = "Pods-MarvelHeroesApp-MarvelHeroesAppUITests.release.xcconfig"; path = "Target Support Files/Pods-MarvelHeroesApp-MarvelHeroesAppUITests/Pods-MarvelHeroesApp-MarvelHeroesAppUITests.release.xcconfig"; sourceTree = "<group>"; };
		BC3C04E57A849769C20489D4 /* Pods-MarvelHeroesApp.debug.xcconfig */ = {isa = PBXFileReference; includeInIndex = 1; lastKnownFileType = text.xcconfig; name = "Pods-MarvelHeroesApp.debug.xcconfig"; path = "Target Support Files/Pods-MarvelHeroesApp/Pods-MarvelHeroesApp.debug.xcconfig"; sourceTree = "<group>"; };
		C68394B48A76C597DC088490 /* Pods-MarvelHeroesAppTests.release.xcconfig */ = {isa = PBXFileReference; includeInIndex = 1; lastKnownFileType = text.xcconfig; name = "Pods-MarvelHeroesAppTests.release.xcconfig"; path = "Target Support Files/Pods-MarvelHeroesAppTests/Pods-MarvelHeroesAppTests.release.xcconfig"; sourceTree = "<group>"; };
		CF5ABDEB6EB8FE94A8C11876 /* Pods-MarvelHeroesAppTests.debug.xcconfig */ = {isa = PBXFileReference; includeInIndex = 1; lastKnownFileType = text.xcconfig; name = "Pods-MarvelHeroesAppTests.debug.xcconfig"; path = "Target Support Files/Pods-MarvelHeroesAppTests/Pods-MarvelHeroesAppTests.debug.xcconfig"; sourceTree = "<group>"; };
		EF1DF50F8992602C5C18A13A /* Pods-MarvelHeroesApp.release.xcconfig */ = {isa = PBXFileReference; includeInIndex = 1; lastKnownFileType = text.xcconfig; name = "Pods-MarvelHeroesApp.release.xcconfig"; path = "Target Support Files/Pods-MarvelHeroesApp/Pods-MarvelHeroesApp.release.xcconfig"; sourceTree = "<group>"; };
		FD59ADE8E96B3BF8C33974C6 /* Pods-MarvelHeroesApp-MarvelHeroesAppUITests.debug.xcconfig */ = {isa = PBXFileReference; includeInIndex = 1; lastKnownFileType = text.xcconfig; name = "Pods-MarvelHeroesApp-MarvelHeroesAppUITests.debug.xcconfig"; path = "Target Support Files/Pods-MarvelHeroesApp-MarvelHeroesAppUITests/Pods-MarvelHeroesApp-MarvelHeroesAppUITests.debug.xcconfig"; sourceTree = "<group>"; };
/* End PBXFileReference section */

/* Begin PBXFrameworksBuildPhase section */
		4D44C10C27F602B700C15274 /* Frameworks */ = {
			isa = PBXFrameworksBuildPhase;
			buildActionMask = 2147483647;
			files = (
				52C51227B167330E51A645F8 /* Pods_MarvelHeroesApp.framework in Frameworks */,
			);
			runOnlyForDeploymentPostprocessing = 0;
		};
		4D44C12527F602BD00C15274 /* Frameworks */ = {
			isa = PBXFrameworksBuildPhase;
			buildActionMask = 2147483647;
			files = (
				E6C37B1455A58C21D5601A9F /* Pods_MarvelHeroesAppTests.framework in Frameworks */,
			);
			runOnlyForDeploymentPostprocessing = 0;
		};
		4D44C12F27F602BD00C15274 /* Frameworks */ = {
			isa = PBXFrameworksBuildPhase;
			buildActionMask = 2147483647;
			files = (
				97A40243104696114A967F6F /* Pods_MarvelHeroesApp_MarvelHeroesAppUITests.framework in Frameworks */,
			);
			runOnlyForDeploymentPostprocessing = 0;
		};
/* End PBXFrameworksBuildPhase section */

/* Begin PBXGroup section */
		014BB488AA35BC3C11FD9BED /* Pods */ = {
			isa = PBXGroup;
			children = (
				BC3C04E57A849769C20489D4 /* Pods-MarvelHeroesApp.debug.xcconfig */,
				EF1DF50F8992602C5C18A13A /* Pods-MarvelHeroesApp.release.xcconfig */,
				FD59ADE8E96B3BF8C33974C6 /* Pods-MarvelHeroesApp-MarvelHeroesAppUITests.debug.xcconfig */,
				859937D9359FF6CD37250166 /* Pods-MarvelHeroesApp-MarvelHeroesAppUITests.release.xcconfig */,
				CF5ABDEB6EB8FE94A8C11876 /* Pods-MarvelHeroesAppTests.debug.xcconfig */,
				C68394B48A76C597DC088490 /* Pods-MarvelHeroesAppTests.release.xcconfig */,
			);
			path = Pods;
			sourceTree = "<group>";
		};
		3911EA79607C0C74F82BED73 /* Frameworks */ = {
			isa = PBXGroup;
			children = (
				14DE9607E81A73B29E006D66 /* Pods_MarvelHeroesApp.framework */,
				1CFBB52DA78A99297A88C27C /* Pods_MarvelHeroesApp_MarvelHeroesAppUITests.framework */,
				7BCFF458B8BE3B74CD642394 /* Pods_MarvelHeroesAppTests.framework */,
			);
			name = Frameworks;
			sourceTree = "<group>";
		};
		4D11518D27FA8238000FF0B4 /* Mocks */ = {
			isa = PBXGroup;
			children = (
				4D11518E27FA8254000FF0B4 /* marvel-characters.json */,
			);
			path = Mocks;
			sourceTree = "<group>";
		};
		4D44C10627F602B700C15274 = {
			isa = PBXGroup;
			children = (
				4D44C11127F602B700C15274 /* MarvelHeroesApp */,
				4D44C12B27F602BD00C15274 /* MarvelHeroesAppTests */,
				4D44C13527F602BD00C15274 /* MarvelHeroesAppUITests */,
				4D44C11027F602B700C15274 /* Products */,
				014BB488AA35BC3C11FD9BED /* Pods */,
				3911EA79607C0C74F82BED73 /* Frameworks */,
			);
			sourceTree = "<group>";
		};
		4D44C11027F602B700C15274 /* Products */ = {
			isa = PBXGroup;
			children = (
				4D44C10F27F602B700C15274 /* MarvelHeroesApp.app */,
				4D44C12827F602BD00C15274 /* MarvelHeroesAppTests.xctest */,
				4D44C13227F602BD00C15274 /* MarvelHeroesAppUITests.xctest */,
			);
			name = Products;
			sourceTree = "<group>";
		};
		4D44C11127F602B700C15274 /* MarvelHeroesApp */ = {
			isa = PBXGroup;
			children = (
				4D11518D27FA8238000FF0B4 /* Mocks */,
				4D44C17127F6486A00C15274 /* Utils */,
				4D44C11227F602B700C15274 /* AppDelegate.swift */,
				4D44C11427F602B700C15274 /* SceneDelegate.swift */,
				4D44C11E27F602BC00C15274 /* Assets.xcassets */,
				4D44C12027F602BC00C15274 /* LaunchScreen.storyboard */,
				4D44C12327F602BC00C15274 /* Info.plist */,
				4D44C16827F644D900C15274 /* Model */,
				4D44C16527F6441600C15274 /* View */,
				4D44C16927F644E200C15274 /* Presenter */,
			);
			path = MarvelHeroesApp;
			sourceTree = "<group>";
		};
		4D44C12B27F602BD00C15274 /* MarvelHeroesAppTests */ = {
			isa = PBXGroup;
			children = (
				4D44C16E27F6483D00C15274 /* Mocks */,
				4D44C12C27F602BD00C15274 /* MarvelHeroesAppTests.swift */,
				4D11519127FA8652000FF0B4 /* HeroesPresenterTests.swift */,
			);
			path = MarvelHeroesAppTests;
			sourceTree = "<group>";
		};
		4D44C13527F602BD00C15274 /* MarvelHeroesAppUITests */ = {
			isa = PBXGroup;
			children = (
				4D44C13627F602BD00C15274 /* MarvelHeroesAppUITests.swift */,
				4D44C13827F602BD00C15274 /* MarvelHeroesAppUITestsLaunchTests.swift */,
			);
			path = MarvelHeroesAppUITests;
			sourceTree = "<group>";
		};
		4D44C16527F6441600C15274 /* View */ = {
			isa = PBXGroup;
			children = (
				4D44C16627F6443A00C15274 /* HeroesViewController.swift */,
				4D79F64027FA95CE00E05567 /* HeroesTableViewCell.swift */,
			);
			path = View;
			sourceTree = "<group>";
		};
		4D44C16827F644D900C15274 /* Model */ = {
			isa = PBXGroup;
			children = (
				4D44C16C27F6453100C15274 /* Hero.swift */,
			);
			path = Model;
			sourceTree = "<group>";
		};
		4D44C16927F644E200C15274 /* Presenter */ = {
			isa = PBXGroup;
			children = (
				4D44C16A27F6451500C15274 /* HeroesPresenter.swift */,
			);
			path = Presenter;
			sourceTree = "<group>";
		};
		4D44C16E27F6483D00C15274 /* Mocks */ = {
			isa = PBXGroup;
			children = (
				4D44C16F27F6485D00C15274 /* characters.json */,
			);
			path = Mocks;
			sourceTree = "<group>";
		};
		4D44C17127F6486A00C15274 /* Utils */ = {
			isa = PBXGroup;
			children = (
				4D44C17227F6487D00C15274 /* Extensions.swift */,
			);
			path = Utils;
			sourceTree = "<group>";
		};
/* End PBXGroup section */

/* Begin PBXNativeTarget section */
		4D44C10E27F602B700C15274 /* MarvelHeroesApp */ = {
			isa = PBXNativeTarget;
			buildConfigurationList = 4D44C13C27F602BD00C15274 /* Build configuration list for PBXNativeTarget "MarvelHeroesApp" */;
			buildPhases = (
				CAFECEEF5CF7464415B04363 /* [CP] Check Pods Manifest.lock */,
				4D44C10B27F602B700C15274 /* Sources */,
				4D44C10C27F602B700C15274 /* Frameworks */,
				4D44C10D27F602B700C15274 /* Resources */,
				5AA3ECEBDED6067248B3C079 /* [CP] Embed Pods Frameworks */,
			);
			buildRules = (
			);
			dependencies = (
			);
			name = MarvelHeroesApp;
			productName = MarvelHeroesApp;
			productReference = 4D44C10F27F602B700C15274 /* MarvelHeroesApp.app */;
			productType = "com.apple.product-type.application";
		};
		4D44C12727F602BD00C15274 /* MarvelHeroesAppTests */ = {
			isa = PBXNativeTarget;
			buildConfigurationList = 4D44C13F27F602BD00C15274 /* Build configuration list for PBXNativeTarget "MarvelHeroesAppTests" */;
			buildPhases = (
				4835819CAE813255B81632B3 /* [CP] Check Pods Manifest.lock */,
				4D44C12427F602BD00C15274 /* Sources */,
				4D44C12527F602BD00C15274 /* Frameworks */,
				4D44C12627F602BD00C15274 /* Resources */,
			);
			buildRules = (
			);
			dependencies = (
				4D44C12A27F602BD00C15274 /* PBXTargetDependency */,
			);
			name = MarvelHeroesAppTests;
			productName = MarvelHeroesAppTests;
			productReference = 4D44C12827F602BD00C15274 /* MarvelHeroesAppTests.xctest */;
			productType = "com.apple.product-type.bundle.unit-test";
		};
		4D44C13127F602BD00C15274 /* MarvelHeroesAppUITests */ = {
			isa = PBXNativeTarget;
			buildConfigurationList = 4D44C14227F602BD00C15274 /* Build configuration list for PBXNativeTarget "MarvelHeroesAppUITests" */;
			buildPhases = (
				2CF80B34B0EDB6AD60DA45F3 /* [CP] Check Pods Manifest.lock */,
				4D44C12E27F602BD00C15274 /* Sources */,
				4D44C12F27F602BD00C15274 /* Frameworks */,
				4D44C13027F602BD00C15274 /* Resources */,
				1238E11808F8E651860C3333 /* [CP] Embed Pods Frameworks */,
			);
			buildRules = (
			);
			dependencies = (
				4D44C13427F602BD00C15274 /* PBXTargetDependency */,
			);
			name = MarvelHeroesAppUITests;
			productName = MarvelHeroesAppUITests;
			productReference = 4D44C13227F602BD00C15274 /* MarvelHeroesAppUITests.xctest */;
			productType = "com.apple.product-type.bundle.ui-testing";
		};
/* End PBXNativeTarget section */

/* Begin PBXProject section */
		4D44C10727F602B700C15274 /* Project object */ = {
			isa = PBXProject;
			attributes = {
				BuildIndependentTargetsInParallel = 1;
				LastSwiftUpdateCheck = 1330;
				LastUpgradeCheck = 1330;
				TargetAttributes = {
					4D44C10E27F602B700C15274 = {
						CreatedOnToolsVersion = 13.3;
					};
					4D44C12727F602BD00C15274 = {
						CreatedOnToolsVersion = 13.3;
						TestTargetID = 4D44C10E27F602B700C15274;
					};
					4D44C13127F602BD00C15274 = {
						CreatedOnToolsVersion = 13.3;
						TestTargetID = 4D44C10E27F602B700C15274;
					};
				};
			};
			buildConfigurationList = 4D44C10A27F602B700C15274 /* Build configuration list for PBXProject "MarvelHeroesApp" */;
			compatibilityVersion = "Xcode 13.0";
			developmentRegion = en;
			hasScannedForEncodings = 0;
			knownRegions = (
				en,
				Base,
			);
			mainGroup = 4D44C10627F602B700C15274;
			productRefGroup = 4D44C11027F602B700C15274 /* Products */;
			projectDirPath = "";
			projectRoot = "";
			targets = (
				4D44C10E27F602B700C15274 /* MarvelHeroesApp */,
				4D44C12727F602BD00C15274 /* MarvelHeroesAppTests */,
				4D44C13127F602BD00C15274 /* MarvelHeroesAppUITests */,
			);
		};
/* End PBXProject section */

/* Begin PBXResourcesBuildPhase section */
		4D44C10D27F602B700C15274 /* Resources */ = {
			isa = PBXResourcesBuildPhase;
			buildActionMask = 2147483647;
			files = (
				4D44C12227F602BC00C15274 /* LaunchScreen.storyboard in Resources */,
				4D11518F27FA8254000FF0B4 /* marvel-characters.json in Resources */,
				4D44C11F27F602BC00C15274 /* Assets.xcassets in Resources */,
			);
			runOnlyForDeploymentPostprocessing = 0;
		};
		4D44C12627F602BD00C15274 /* Resources */ = {
			isa = PBXResourcesBuildPhase;
			buildActionMask = 2147483647;
			files = (
				4D44C17027F6485D00C15274 /* characters.json in Resources */,
			);
			runOnlyForDeploymentPostprocessing = 0;
		};
		4D44C13027F602BD00C15274 /* Resources */ = {
			isa = PBXResourcesBuildPhase;
			buildActionMask = 2147483647;
			files = (
			);
			runOnlyForDeploymentPostprocessing = 0;
		};
/* End PBXResourcesBuildPhase section */

/* Begin PBXShellScriptBuildPhase section */
		1238E11808F8E651860C3333 /* [CP] Embed Pods Frameworks */ = {
			isa = PBXShellScriptBuildPhase;
			buildActionMask = 2147483647;
			files = (
			);
			inputFileListPaths = (
				"${PODS_ROOT}/Target Support Files/Pods-MarvelHeroesApp-MarvelHeroesAppUITests/Pods-MarvelHeroesApp-MarvelHeroesAppUITests-frameworks-${CONFIGURATION}-input-files.xcfilelist",
			);
			name = "[CP] Embed Pods Frameworks";
			outputFileListPaths = (
				"${PODS_ROOT}/Target Support Files/Pods-MarvelHeroesApp-MarvelHeroesAppUITests/Pods-MarvelHeroesApp-MarvelHeroesAppUITests-frameworks-${CONFIGURATION}-output-files.xcfilelist",
			);
			runOnlyForDeploymentPostprocessing = 0;
			shellPath = /bin/sh;
			shellScript = "\"${PODS_ROOT}/Target Support Files/Pods-MarvelHeroesApp-MarvelHeroesAppUITests/Pods-MarvelHeroesApp-MarvelHeroesAppUITests-frameworks.sh\"\n";
			showEnvVarsInLog = 0;
		};
		2CF80B34B0EDB6AD60DA45F3 /* [CP] Check Pods Manifest.lock */ = {
			isa = PBXShellScriptBuildPhase;
			buildActionMask = 2147483647;
			files = (
			);
			inputFileListPaths = (
			);
			inputPaths = (
				"${PODS_PODFILE_DIR_PATH}/Podfile.lock",
				"${PODS_ROOT}/Manifest.lock",
			);
			name = "[CP] Check Pods Manifest.lock";
			outputFileListPaths = (
			);
			outputPaths = (
				"$(DERIVED_FILE_DIR)/Pods-MarvelHeroesApp-MarvelHeroesAppUITests-checkManifestLockResult.txt",
			);
			runOnlyForDeploymentPostprocessing = 0;
			shellPath = /bin/sh;
			shellScript = "diff \"${PODS_PODFILE_DIR_PATH}/Podfile.lock\" \"${PODS_ROOT}/Manifest.lock\" > /dev/null\nif [ $? != 0 ] ; then\n    # print error to STDERR\n    echo \"error: The sandbox is not in sync with the Podfile.lock. Run 'pod install' or update your CocoaPods installation.\" >&2\n    exit 1\nfi\n# This output is used by Xcode 'outputs' to avoid re-running this script phase.\necho \"SUCCESS\" > \"${SCRIPT_OUTPUT_FILE_0}\"\n";
			showEnvVarsInLog = 0;
		};
		4835819CAE813255B81632B3 /* [CP] Check Pods Manifest.lock */ = {
			isa = PBXShellScriptBuildPhase;
			buildActionMask = 2147483647;
			files = (
			);
			inputFileListPaths = (
			);
			inputPaths = (
				"${PODS_PODFILE_DIR_PATH}/Podfile.lock",
				"${PODS_ROOT}/Manifest.lock",
			);
			name = "[CP] Check Pods Manifest.lock";
			outputFileListPaths = (
			);
			outputPaths = (
				"$(DERIVED_FILE_DIR)/Pods-MarvelHeroesAppTests-checkManifestLockResult.txt",
			);
			runOnlyForDeploymentPostprocessing = 0;
			shellPath = /bin/sh;
			shellScript = "diff \"${PODS_PODFILE_DIR_PATH}/Podfile.lock\" \"${PODS_ROOT}/Manifest.lock\" > /dev/null\nif [ $? != 0 ] ; then\n    # print error to STDERR\n    echo \"error: The sandbox is not in sync with the Podfile.lock. Run 'pod install' or update your CocoaPods installation.\" >&2\n    exit 1\nfi\n# This output is used by Xcode 'outputs' to avoid re-running this script phase.\necho \"SUCCESS\" > \"${SCRIPT_OUTPUT_FILE_0}\"\n";
			showEnvVarsInLog = 0;
		};
		5AA3ECEBDED6067248B3C079 /* [CP] Embed Pods Frameworks */ = {
			isa = PBXShellScriptBuildPhase;
			buildActionMask = 2147483647;
			files = (
			);
			inputFileListPaths = (
				"${PODS_ROOT}/Target Support Files/Pods-MarvelHeroesApp/Pods-MarvelHeroesApp-frameworks-${CONFIGURATION}-input-files.xcfilelist",
			);
			name = "[CP] Embed Pods Frameworks";
			outputFileListPaths = (
				"${PODS_ROOT}/Target Support Files/Pods-MarvelHeroesApp/Pods-MarvelHeroesApp-frameworks-${CONFIGURATION}-output-files.xcfilelist",
			);
			runOnlyForDeploymentPostprocessing = 0;
			shellPath = /bin/sh;
			shellScript = "\"${PODS_ROOT}/Target Support Files/Pods-MarvelHeroesApp/Pods-MarvelHeroesApp-frameworks.sh\"\n";
			showEnvVarsInLog = 0;
		};
		CAFECEEF5CF7464415B04363 /* [CP] Check Pods Manifest.lock */ = {
			isa = PBXShellScriptBuildPhase;
			buildActionMask = 2147483647;
			files = (
			);
			inputFileListPaths = (
			);
			inputPaths = (
				"${PODS_PODFILE_DIR_PATH}/Podfile.lock",
				"${PODS_ROOT}/Manifest.lock",
			);
			name = "[CP] Check Pods Manifest.lock";
			outputFileListPaths = (
			);
			outputPaths = (
				"$(DERIVED_FILE_DIR)/Pods-MarvelHeroesApp-checkManifestLockResult.txt",
			);
			runOnlyForDeploymentPostprocessing = 0;
			shellPath = /bin/sh;
			shellScript = "diff \"${PODS_PODFILE_DIR_PATH}/Podfile.lock\" \"${PODS_ROOT}/Manifest.lock\" > /dev/null\nif [ $? != 0 ] ; then\n    # print error to STDERR\n    echo \"error: The sandbox is not in sync with the Podfile.lock. Run 'pod install' or update your CocoaPods installation.\" >&2\n    exit 1\nfi\n# This output is used by Xcode 'outputs' to avoid re-running this script phase.\necho \"SUCCESS\" > \"${SCRIPT_OUTPUT_FILE_0}\"\n";
			showEnvVarsInLog = 0;
		};
/* End PBXShellScriptBuildPhase section */

/* Begin PBXSourcesBuildPhase section */
		4D44C10B27F602B700C15274 /* Sources */ = {
			isa = PBXSourcesBuildPhase;
			buildActionMask = 2147483647;
			files = (
				4D44C16D27F6453100C15274 /* Hero.swift in Sources */,
				4D44C17327F6487D00C15274 /* Extensions.swift in Sources */,
				4D79F64127FA95CE00E05567 /* HeroesTableViewCell.swift in Sources */,
				4D44C16727F6443A00C15274 /* HeroesViewController.swift in Sources */,
				4D44C11327F602B700C15274 /* AppDelegate.swift in Sources */,
				4D44C16B27F6451500C15274 /* HeroesPresenter.swift in Sources */,
				4D44C11527F602B700C15274 /* SceneDelegate.swift in Sources */,
			);
			runOnlyForDeploymentPostprocessing = 0;
		};
		4D44C12427F602BD00C15274 /* Sources */ = {
			isa = PBXSourcesBuildPhase;
			buildActionMask = 2147483647;
			files = (
				4D11519427FA87AD000FF0B4 /* Hero.swift in Sources */,
				4D44C12D27F602BD00C15274 /* MarvelHeroesAppTests.swift in Sources */,
				4D44C17427F6487D00C15274 /* Extensions.swift in Sources */,
				4D11519327FA86F6000FF0B4 /* HeroesPresenter.swift in Sources */,
				4D11519227FA8652000FF0B4 /* HeroesPresenterTests.swift in Sources */,
			);
			runOnlyForDeploymentPostprocessing = 0;
		};
		4D44C12E27F602BD00C15274 /* Sources */ = {
			isa = PBXSourcesBuildPhase;
			buildActionMask = 2147483647;
			files = (
				4D44C13727F602BD00C15274 /* MarvelHeroesAppUITests.swift in Sources */,
				4D44C13927F602BD00C15274 /* MarvelHeroesAppUITestsLaunchTests.swift in Sources */,
			);
			runOnlyForDeploymentPostprocessing = 0;
		};
/* End PBXSourcesBuildPhase section */

/* Begin PBXTargetDependency section */
		4D44C12A27F602BD00C15274 /* PBXTargetDependency */ = {
			isa = PBXTargetDependency;
			target = 4D44C10E27F602B700C15274 /* MarvelHeroesApp */;
			targetProxy = 4D44C12927F602BD00C15274 /* PBXContainerItemProxy */;
		};
		4D44C13427F602BD00C15274 /* PBXTargetDependency */ = {
			isa = PBXTargetDependency;
			target = 4D44C10E27F602B700C15274 /* MarvelHeroesApp */;
			targetProxy = 4D44C13327F602BD00C15274 /* PBXContainerItemProxy */;
		};
/* End PBXTargetDependency section */

/* Begin PBXVariantGroup section */
		4D44C12027F602BC00C15274 /* LaunchScreen.storyboard */ = {
			isa = PBXVariantGroup;
			children = (
				4D44C12127F602BC00C15274 /* Base */,
			);
			name = LaunchScreen.storyboard;
			sourceTree = "<group>";
		};
/* End PBXVariantGroup section */

/* Begin XCBuildConfiguration section */
		4D44C13A27F602BD00C15274 /* Debug */ = {
			isa = XCBuildConfiguration;
			buildSettings = {
				ALWAYS_SEARCH_USER_PATHS = NO;
				CLANG_ANALYZER_NONNULL = YES;
				CLANG_ANALYZER_NUMBER_OBJECT_CONVERSION = YES_AGGRESSIVE;
				CLANG_CXX_LANGUAGE_STANDARD = "gnu++17";
				CLANG_ENABLE_MODULES = YES;
				CLANG_ENABLE_OBJC_ARC = YES;
				CLANG_ENABLE_OBJC_WEAK = YES;
				CLANG_WARN_BLOCK_CAPTURE_AUTORELEASING = YES;
				CLANG_WARN_BOOL_CONVERSION = YES;
				CLANG_WARN_COMMA = YES;
				CLANG_WARN_CONSTANT_CONVERSION = YES;
				CLANG_WARN_DEPRECATED_OBJC_IMPLEMENTATIONS = YES;
				CLANG_WARN_DIRECT_OBJC_ISA_USAGE = YES_ERROR;
				CLANG_WARN_DOCUMENTATION_COMMENTS = YES;
				CLANG_WARN_EMPTY_BODY = YES;
				CLANG_WARN_ENUM_CONVERSION = YES;
				CLANG_WARN_INFINITE_RECURSION = YES;
				CLANG_WARN_INT_CONVERSION = YES;
				CLANG_WARN_NON_LITERAL_NULL_CONVERSION = YES;
				CLANG_WARN_OBJC_IMPLICIT_RETAIN_SELF = YES;
				CLANG_WARN_OBJC_LITERAL_CONVERSION = YES;
				CLANG_WARN_OBJC_ROOT_CLASS = YES_ERROR;
				CLANG_WARN_QUOTED_INCLUDE_IN_FRAMEWORK_HEADER = YES;
				CLANG_WARN_RANGE_LOOP_ANALYSIS = YES;
				CLANG_WARN_STRICT_PROTOTYPES = YES;
				CLANG_WARN_SUSPICIOUS_MOVE = YES;
				CLANG_WARN_UNGUARDED_AVAILABILITY = YES_AGGRESSIVE;
				CLANG_WARN_UNREACHABLE_CODE = YES;
				CLANG_WARN__DUPLICATE_METHOD_MATCH = YES;
				COPY_PHASE_STRIP = NO;
				DEBUG_INFORMATION_FORMAT = dwarf;
				ENABLE_STRICT_OBJC_MSGSEND = YES;
				ENABLE_TESTABILITY = YES;
				GCC_C_LANGUAGE_STANDARD = gnu11;
				GCC_DYNAMIC_NO_PIC = NO;
				GCC_NO_COMMON_BLOCKS = YES;
				GCC_OPTIMIZATION_LEVEL = 0;
				GCC_PREPROCESSOR_DEFINITIONS = (
					"DEBUG=1",
					"$(inherited)",
				);
				GCC_WARN_64_TO_32_BIT_CONVERSION = YES;
				GCC_WARN_ABOUT_RETURN_TYPE = YES_ERROR;
				GCC_WARN_UNDECLARED_SELECTOR = YES;
				GCC_WARN_UNINITIALIZED_AUTOS = YES_AGGRESSIVE;
				GCC_WARN_UNUSED_FUNCTION = YES;
				GCC_WARN_UNUSED_VARIABLE = YES;
				IPHONEOS_DEPLOYMENT_TARGET = 15.4;
				MTL_ENABLE_DEBUG_INFO = INCLUDE_SOURCE;
				MTL_FAST_MATH = YES;
				ONLY_ACTIVE_ARCH = YES;
				SDKROOT = iphoneos;
				SWIFT_ACTIVE_COMPILATION_CONDITIONS = DEBUG;
				SWIFT_OPTIMIZATION_LEVEL = "-Onone";
			};
			name = Debug;
		};
		4D44C13B27F602BD00C15274 /* Release */ = {
			isa = XCBuildConfiguration;
			buildSettings = {
				ALWAYS_SEARCH_USER_PATHS = NO;
				CLANG_ANALYZER_NONNULL = YES;
				CLANG_ANALYZER_NUMBER_OBJECT_CONVERSION = YES_AGGRESSIVE;
				CLANG_CXX_LANGUAGE_STANDARD = "gnu++17";
				CLANG_ENABLE_MODULES = YES;
				CLANG_ENABLE_OBJC_ARC = YES;
				CLANG_ENABLE_OBJC_WEAK = YES;
				CLANG_WARN_BLOCK_CAPTURE_AUTORELEASING = YES;
				CLANG_WARN_BOOL_CONVERSION = YES;
				CLANG_WARN_COMMA = YES;
				CLANG_WARN_CONSTANT_CONVERSION = YES;
				CLANG_WARN_DEPRECATED_OBJC_IMPLEMENTATIONS = YES;
				CLANG_WARN_DIRECT_OBJC_ISA_USAGE = YES_ERROR;
				CLANG_WARN_DOCUMENTATION_COMMENTS = YES;
				CLANG_WARN_EMPTY_BODY = YES;
				CLANG_WARN_ENUM_CONVERSION = YES;
				CLANG_WARN_INFINITE_RECURSION = YES;
				CLANG_WARN_INT_CONVERSION = YES;
				CLANG_WARN_NON_LITERAL_NULL_CONVERSION = YES;
				CLANG_WARN_OBJC_IMPLICIT_RETAIN_SELF = YES;
				CLANG_WARN_OBJC_LITERAL_CONVERSION = YES;
				CLANG_WARN_OBJC_ROOT_CLASS = YES_ERROR;
				CLANG_WARN_QUOTED_INCLUDE_IN_FRAMEWORK_HEADER = YES;
				CLANG_WARN_RANGE_LOOP_ANALYSIS = YES;
				CLANG_WARN_STRICT_PROTOTYPES = YES;
				CLANG_WARN_SUSPICIOUS_MOVE = YES;
				CLANG_WARN_UNGUARDED_AVAILABILITY = YES_AGGRESSIVE;
				CLANG_WARN_UNREACHABLE_CODE = YES;
				CLANG_WARN__DUPLICATE_METHOD_MATCH = YES;
				COPY_PHASE_STRIP = NO;
				DEBUG_INFORMATION_FORMAT = "dwarf-with-dsym";
				ENABLE_NS_ASSERTIONS = NO;
				ENABLE_STRICT_OBJC_MSGSEND = YES;
				GCC_C_LANGUAGE_STANDARD = gnu11;
				GCC_NO_COMMON_BLOCKS = YES;
				GCC_WARN_64_TO_32_BIT_CONVERSION = YES;
				GCC_WARN_ABOUT_RETURN_TYPE = YES_ERROR;
				GCC_WARN_UNDECLARED_SELECTOR = YES;
				GCC_WARN_UNINITIALIZED_AUTOS = YES_AGGRESSIVE;
				GCC_WARN_UNUSED_FUNCTION = YES;
				GCC_WARN_UNUSED_VARIABLE = YES;
				IPHONEOS_DEPLOYMENT_TARGET = 15.4;
				MTL_ENABLE_DEBUG_INFO = NO;
				MTL_FAST_MATH = YES;
				SDKROOT = iphoneos;
				SWIFT_COMPILATION_MODE = wholemodule;
				SWIFT_OPTIMIZATION_LEVEL = "-O";
				VALIDATE_PRODUCT = YES;
			};
			name = Release;
		};
		4D44C13D27F602BD00C15274 /* Debug */ = {
			isa = XCBuildConfiguration;
			baseConfigurationReference = BC3C04E57A849769C20489D4 /* Pods-MarvelHeroesApp.debug.xcconfig */;
			buildSettings = {
				ASSETCATALOG_COMPILER_APPICON_NAME = AppIcon;
				ASSETCATALOG_COMPILER_GLOBAL_ACCENT_COLOR_NAME = AccentColor;
				CODE_SIGN_STYLE = Automatic;
				CURRENT_PROJECT_VERSION = 1;
				DEVELOPMENT_TEAM = SK5VN8MP7E;
				GENERATE_INFOPLIST_FILE = YES;
				INFOPLIST_FILE = MarvelHeroesApp/Info.plist;
				INFOPLIST_KEY_UIApplicationSupportsIndirectInputEvents = YES;
				INFOPLIST_KEY_UILaunchStoryboardName = LaunchScreen;
				INFOPLIST_KEY_UISupportedInterfaceOrientations_iPad = "UIInterfaceOrientationPortrait UIInterfaceOrientationPortraitUpsideDown UIInterfaceOrientationLandscapeLeft UIInterfaceOrientationLandscapeRight";
				INFOPLIST_KEY_UISupportedInterfaceOrientations_iPhone = "UIInterfaceOrientationPortrait UIInterfaceOrientationLandscapeLeft UIInterfaceOrientationLandscapeRight";
				LD_RUNPATH_SEARCH_PATHS = (
					"$(inherited)",
					"@executable_path/Frameworks",
				);
				MARKETING_VERSION = 1.0;
				PRODUCT_BUNDLE_IDENTIFIER = rulosoft.MarvelHeroesApp;
				PRODUCT_NAME = "$(TARGET_NAME)";
				SWIFT_EMIT_LOC_STRINGS = YES;
				SWIFT_VERSION = 5.0;
				TARGETED_DEVICE_FAMILY = "1,2";
			};
			name = Debug;
		};
		4D44C13E27F602BD00C15274 /* Release */ = {
			isa = XCBuildConfiguration;
			baseConfigurationReference = EF1DF50F8992602C5C18A13A /* Pods-MarvelHeroesApp.release.xcconfig */;
			buildSettings = {
				ASSETCATALOG_COMPILER_APPICON_NAME = AppIcon;
				ASSETCATALOG_COMPILER_GLOBAL_ACCENT_COLOR_NAME = AccentColor;
				CODE_SIGN_STYLE = Automatic;
				CURRENT_PROJECT_VERSION = 1;
				DEVELOPMENT_TEAM = SK5VN8MP7E;
				GENERATE_INFOPLIST_FILE = YES;
				INFOPLIST_FILE = MarvelHeroesApp/Info.plist;
				INFOPLIST_KEY_UIApplicationSupportsIndirectInputEvents = YES;
				INFOPLIST_KEY_UILaunchStoryboardName = LaunchScreen;
				INFOPLIST_KEY_UISupportedInterfaceOrientations_iPad = "UIInterfaceOrientationPortrait UIInterfaceOrientationPortraitUpsideDown UIInterfaceOrientationLandscapeLeft UIInterfaceOrientationLandscapeRight";
				INFOPLIST_KEY_UISupportedInterfaceOrientations_iPhone = "UIInterfaceOrientationPortrait UIInterfaceOrientationLandscapeLeft UIInterfaceOrientationLandscapeRight";
				LD_RUNPATH_SEARCH_PATHS = (
					"$(inherited)",
					"@executable_path/Frameworks",
				);
				MARKETING_VERSION = 1.0;
				PRODUCT_BUNDLE_IDENTIFIER = rulosoft.MarvelHeroesApp;
				PRODUCT_NAME = "$(TARGET_NAME)";
				SWIFT_EMIT_LOC_STRINGS = YES;
				SWIFT_VERSION = 5.0;
				TARGETED_DEVICE_FAMILY = "1,2";
			};
			name = Release;
		};
		4D44C14027F602BD00C15274 /* Debug */ = {
			isa = XCBuildConfiguration;
			baseConfigurationReference = CF5ABDEB6EB8FE94A8C11876 /* Pods-MarvelHeroesAppTests.debug.xcconfig */;
			buildSettings = {
				ALWAYS_EMBED_SWIFT_STANDARD_LIBRARIES = YES;
				BUNDLE_LOADER = "$(TEST_HOST)";
				CODE_SIGN_STYLE = Automatic;
				CURRENT_PROJECT_VERSION = 1;
				DEVELOPMENT_TEAM = SK5VN8MP7E;
				GENERATE_INFOPLIST_FILE = YES;
				IPHONEOS_DEPLOYMENT_TARGET = 15.4;
				MARKETING_VERSION = 1.0;
				PRODUCT_BUNDLE_IDENTIFIER = rulosoft.MarvelHeroesAppTests;
				PRODUCT_NAME = "$(TARGET_NAME)";
				SWIFT_EMIT_LOC_STRINGS = NO;
				SWIFT_VERSION = 5.0;
				TARGETED_DEVICE_FAMILY = "1,2";
				TEST_HOST = "$(BUILT_PRODUCTS_DIR)/MarvelHeroesApp.app/MarvelHeroesApp";
			};
			name = Debug;
		};
		4D44C14127F602BD00C15274 /* Release */ = {
			isa = XCBuildConfiguration;
			baseConfigurationReference = C68394B48A76C597DC088490 /* Pods-MarvelHeroesAppTests.release.xcconfig */;
			buildSettings = {
				ALWAYS_EMBED_SWIFT_STANDARD_LIBRARIES = YES;
				BUNDLE_LOADER = "$(TEST_HOST)";
				CODE_SIGN_STYLE = Automatic;
				CURRENT_PROJECT_VERSION = 1;
				DEVELOPMENT_TEAM = SK5VN8MP7E;
				GENERATE_INFOPLIST_FILE = YES;
				IPHONEOS_DEPLOYMENT_TARGET = 15.4;
				MARKETING_VERSION = 1.0;
				PRODUCT_BUNDLE_IDENTIFIER = rulosoft.MarvelHeroesAppTests;
				PRODUCT_NAME = "$(TARGET_NAME)";
				SWIFT_EMIT_LOC_STRINGS = NO;
				SWIFT_VERSION = 5.0;
				TARGETED_DEVICE_FAMILY = "1,2";
				TEST_HOST = "$(BUILT_PRODUCTS_DIR)/MarvelHeroesApp.app/MarvelHeroesApp";
			};
			name = Release;
		};
		4D44C14327F602BD00C15274 /* Debug */ = {
			isa = XCBuildConfiguration;
			baseConfigurationReference = FD59ADE8E96B3BF8C33974C6 /* Pods-MarvelHeroesApp-MarvelHeroesAppUITests.debug.xcconfig */;
			buildSettings = {
				ALWAYS_EMBED_SWIFT_STANDARD_LIBRARIES = YES;
				CODE_SIGN_STYLE = Automatic;
				CURRENT_PROJECT_VERSION = 1;
				DEVELOPMENT_TEAM = SK5VN8MP7E;
				GENERATE_INFOPLIST_FILE = YES;
				MARKETING_VERSION = 1.0;
				PRODUCT_BUNDLE_IDENTIFIER = rulosoft.MarvelHeroesAppUITests;
				PRODUCT_NAME = "$(TARGET_NAME)";
				SWIFT_EMIT_LOC_STRINGS = NO;
				SWIFT_VERSION = 5.0;
				TARGETED_DEVICE_FAMILY = "1,2";
				TEST_TARGET_NAME = MarvelHeroesApp;
			};
			name = Debug;
		};
		4D44C14427F602BD00C15274 /* Release */ = {
			isa = XCBuildConfiguration;
			baseConfigurationReference = 859937D9359FF6CD37250166 /* Pods-MarvelHeroesApp-MarvelHeroesAppUITests.release.xcconfig */;
			buildSettings = {
				ALWAYS_EMBED_SWIFT_STANDARD_LIBRARIES = YES;
				CODE_SIGN_STYLE = Automatic;
				CURRENT_PROJECT_VERSION = 1;
				DEVELOPMENT_TEAM = SK5VN8MP7E;
				GENERATE_INFOPLIST_FILE = YES;
				MARKETING_VERSION = 1.0;
				PRODUCT_BUNDLE_IDENTIFIER = rulosoft.MarvelHeroesAppUITests;
				PRODUCT_NAME = "$(TARGET_NAME)";
				SWIFT_EMIT_LOC_STRINGS = NO;
				SWIFT_VERSION = 5.0;
				TARGETED_DEVICE_FAMILY = "1,2";
				TEST_TARGET_NAME = MarvelHeroesApp;
			};
			name = Release;
		};
/* End XCBuildConfiguration section */

/* Begin XCConfigurationList section */
		4D44C10A27F602B700C15274 /* Build configuration list for PBXProject "MarvelHeroesApp" */ = {
			isa = XCConfigurationList;
			buildConfigurations = (
				4D44C13A27F602BD00C15274 /* Debug */,
				4D44C13B27F602BD00C15274 /* Release */,
			);
			defaultConfigurationIsVisible = 0;
			defaultConfigurationName = Release;
		};
		4D44C13C27F602BD00C15274 /* Build configuration list for PBXNativeTarget "MarvelHeroesApp" */ = {
			isa = XCConfigurationList;
			buildConfigurations = (
				4D44C13D27F602BD00C15274 /* Debug */,
				4D44C13E27F602BD00C15274 /* Release */,
			);
			defaultConfigurationIsVisible = 0;
			defaultConfigurationName = Release;
		};
		4D44C13F27F602BD00C15274 /* Build configuration list for PBXNativeTarget "MarvelHeroesAppTests" */ = {
			isa = XCConfigurationList;
			buildConfigurations = (
				4D44C14027F602BD00C15274 /* Debug */,
				4D44C14127F602BD00C15274 /* Release */,
			);
			defaultConfigurationIsVisible = 0;
			defaultConfigurationName = Release;
		};
		4D44C14227F602BD00C15274 /* Build configuration list for PBXNativeTarget "MarvelHeroesAppUITests" */ = {
			isa = XCConfigurationList;
			buildConfigurations = (
				4D44C14327F602BD00C15274 /* Debug */,
				4D44C14427F602BD00C15274 /* Release */,
			);
			defaultConfigurationIsVisible = 0;
			defaultConfigurationName = Release;
		};
/* End XCConfigurationList section */
	};
	rootObject = 4D44C10727F602B700C15274 /* Project object */;
}
